
Microsoft Visual Studio Solution File, Format Version 12.00
# Visual Studio Version 17
VisualStudioVersion = 17.4.33213.308
MinimumVisualStudioVersion = 10.0.40219.1
Project("{FAE04EC0-301F-11D3-BF4B-00C04F79EFBC}") = "actualizador", "actualizador\actualizador.csproj", "{3BD720D9-B429-43D9-A9AC-8DC3463C1E32}"
EndProject
Global
	GlobalSection(SolutionConfigurationPlatforms) = preSolution
		Debug|Any CPU = Debug|Any CPU
		Release|Any CPU = Release|Any CPU
	EndGlobalSection
	GlobalSection(ProjectConfigurationPlatforms) = postSolution
		{3BD720D9-B429-43D9-A9AC-8DC3463C1E32}.Debug|Any CPU.ActiveCfg = Debug|Any CPU
		{3BD720D9-B429-43D9-A9AC-8DC3463C1E32}.Debug|Any CPU.Build.0 = Debug|Any CPU
		{3BD720D9-B429-43D9-A9AC-8DC3463C1E32}.Release|Any CPU.ActiveCfg = Release|Any CPU
		{3BD720D9-B429-43D9-A9AC-8DC3463C1E32}.Release|Any CPU.Build.0 = Release|Any CPU
	EndGlobalSection
	GlobalSection(SolutionProperties) = preSolution
		HideSolutionNode = FALSE
	EndGlobalSection
	GlobalSection(ExtensibilityGlobals) = postSolution
		SolutionGuid = {466F1DA2-AD1F-44C5-B7BB-98F6368CBC10}
	EndGlobalSection
EndGlobal
